
Microsoft Visual Studio Solution File, Format Version 12.00
# Visual Studio Version 16
VisualStudioVersion = 16.0.29102.190
MinimumVisualStudioVersion = 10.0.40219.1
Project("{9A19103F-16F7-4668-BE54-9A1E7A4F7556}") = "DevTeams.Repository", "DeveloperTeam\DevTeams.Repository\DevTeams.Repository.csproj", "{B382C45A-B293-4965-BA0D-1269C399FC01}"
EndProject
Project("{9A19103F-16F7-4668-BE54-9A1E7A4F7556}") = "DevTeamsConsole", "DeveloperTeam\DevTeamsConsole\DevTeamsConsole.csproj", "{58ECF9A0-2B0F-4CAF-8838-60EA361AF056}"
EndProject
Project("{9A19103F-16F7-4668-BE54-9A1E7A4F7556}") = "DevTeamsUI", "DeveloperTeam\DevTeamsUI\DevTeamsUI.csproj", "{54B5B821-95C2-4BAF-AABC-C0ED7DD52025}"
EndProject
Project("{FAE04EC0-301F-11D3-BF4B-00C04F79EFBC}") = "FirstProject.Classes", "FirstProject\FirstProject.Classes\FirstProject.Classes.csproj", "{561DF77B-ACBE-4FEE-873F-DB10F1565F4A}"
EndProject
Project("{FAE04EC0-301F-11D3-BF4B-00C04F79EFBC}") = "FirstProject.Test", "FirstProject\FirstProject.Test\FirstProject.Test.csproj", "{79295878-023F-4285-955F-4AC4D7590E18}"
EndProject
Global
	GlobalSection(SolutionConfigurationPlatforms) = preSolution
		Debug|Any CPU = Debug|Any CPU
		Release|Any CPU = Release|Any CPU
	EndGlobalSection
	GlobalSection(ProjectConfigurationPlatforms) = postSolution
		{B382C45A-B293-4965-BA0D-1269C399FC01}.Debug|Any CPU.ActiveCfg = Debug|Any CPU
		{B382C45A-B293-4965-BA0D-1269C399FC01}.Debug|Any CPU.Build.0 = Debug|Any CPU
		{B382C45A-B293-4965-BA0D-1269C399FC01}.Release|Any CPU.ActiveCfg = Release|Any CPU
		{B382C45A-B293-4965-BA0D-1269C399FC01}.Release|Any CPU.Build.0 = Release|Any CPU
		{58ECF9A0-2B0F-4CAF-8838-60EA361AF056}.Debug|Any CPU.ActiveCfg = Debug|Any CPU
		{58ECF9A0-2B0F-4CAF-8838-60EA361AF056}.Debug|Any CPU.Build.0 = Debug|Any CPU
		{58ECF9A0-2B0F-4CAF-8838-60EA361AF056}.Release|Any CPU.ActiveCfg = Release|Any CPU
		{58ECF9A0-2B0F-4CAF-8838-60EA361AF056}.Release|Any CPU.Build.0 = Release|Any CPU
		{54B5B821-95C2-4BAF-AABC-C0ED7DD52025}.Debug|Any CPU.ActiveCfg = Debug|Any CPU
		{54B5B821-95C2-4BAF-AABC-C0ED7DD52025}.Debug|Any CPU.Build.0 = Debug|Any CPU
		{54B5B821-95C2-4BAF-AABC-C0ED7DD52025}.Release|Any CPU.ActiveCfg = Release|Any CPU
		{54B5B821-95C2-4BAF-AABC-C0ED7DD52025}.Release|Any CPU.Build.0 = Release|Any CPU
		{561DF77B-ACBE-4FEE-873F-DB10F1565F4A}.Debug|Any CPU.ActiveCfg = Debug|Any CPU
		{561DF77B-ACBE-4FEE-873F-DB10F1565F4A}.Debug|Any CPU.Build.0 = Debug|Any CPU
		{561DF77B-ACBE-4FEE-873F-DB10F1565F4A}.Release|Any CPU.ActiveCfg = Release|Any CPU
		{561DF77B-ACBE-4FEE-873F-DB10F1565F4A}.Release|Any CPU.Build.0 = Release|Any CPU
		{79295878-023F-4285-955F-4AC4D7590E18}.Debug|Any CPU.ActiveCfg = Debug|Any CPU
		{79295878-023F-4285-955F-4AC4D7590E18}.Debug|Any CPU.Build.0 = Debug|Any CPU
		{79295878-023F-4285-955F-4AC4D7590E18}.Release|Any CPU.ActiveCfg = Release|Any CPU
		{79295878-023F-4285-955F-4AC4D7590E18}.Release|Any CPU.Build.0 = Release|Any CPU
	EndGlobalSection
	GlobalSection(SolutionProperties) = preSolution
		HideSolutionNode = FALSE
	EndGlobalSection
	GlobalSection(ExtensibilityGlobals) = postSolution
		SolutionGuid = {9D6E0986-4A63-49CF-8B75-9BB6B3ECCF85}
	EndGlobalSection
EndGlobal
